
Microsoft Visual Studio Solution File, Format Version 12.00
# Visual Studio Version 17
VisualStudioVersion = 17.6.33712.159
MinimumVisualStudioVersion = 10.0.40219.1
Project("{FAE04EC0-301F-11D3-BF4B-00C04F79EFBC}") = "Rotina", "Rotina.csproj", "{485F896A-F804-47DB-B340-C0CC5A682C2A}"
EndProject
Global
	GlobalSection(SolutionConfigurationPlatforms) = preSolution
		Debug|Any CPU = Debug|Any CPU
		Release|Any CPU = Release|Any CPU
	EndGlobalSection
	GlobalSection(ProjectConfigurationPlatforms) = postSolution
		{485F896A-F804-47DB-B340-C0CC5A682C2A}.Debug|Any CPU.ActiveCfg = Debug|Any CPU
		{485F896A-F804-47DB-B340-C0CC5A682C2A}.Debug|Any CPU.Build.0 = Debug|Any CPU
		{485F896A-F804-47DB-B340-C0CC5A682C2A}.Release|Any CPU.ActiveCfg = Release|Any CPU
		{485F896A-F804-47DB-B340-C0CC5A682C2A}.Release|Any CPU.Build.0 = Release|Any CPU
	EndGlobalSection
	GlobalSection(SolutionProperties) = preSolution
		HideSolutionNode = FALSE
	EndGlobalSection
	GlobalSection(ExtensibilityGlobals) = postSolution
		SolutionGuid = {72A59D55-F571-481D-A878-C151AFB66B9F}
	EndGlobalSection
EndGlobal
